
Microsoft Visual Studio Solution File, Format Version 12.00
# Visual Studio Version 17
VisualStudioVersion = 17.7.34202.233
MinimumVisualStudioVersion = 10.0.40219.1
Project("{9A19103F-16F7-4668-BE54-9A1E7A4F7556}") = "KampIntro", "KampIntro\KampIntro.csproj", "{B95F04FA-348E-4195-A2BD-E458ACB0633F}"
EndProject
Project("{9A19103F-16F7-4668-BE54-9A1E7A4F7556}") = "Donduler", "Donduler\Donduler.csproj", "{64A67F11-B710-4D48-AD33-C390E90CDCB0}"
EndProject
Project("{9A19103F-16F7-4668-BE54-9A1E7A4F7556}") = "ClassIntro", "ClassIntro\ClassIntro.csproj", "{226D735B-621D-4706-8C1B-F49EA80AF985}"
EndProject
Project("{9A19103F-16F7-4668-BE54-9A1E7A4F7556}") = "Metotlar", "Metotlar\Metotlar.csproj", "{36103B49-24B4-4045-BB8A-1D28D0EA61F7}"
EndProject
Project("{9A19103F-16F7-4668-BE54-9A1E7A4F7556}") = "Matematik", "DortIslem\Matematik.csproj", "{DC612395-C3B4-4D37-AD87-553995F3D8D2}"
EndProject
Project("{9A19103F-16F7-4668-BE54-9A1E7A4F7556}") = "DegerVeReferansTipler", "DegerVeReferansTipler\DegerVeReferansTipler.csproj", "{CF6220DB-DAB8-401B-82DF-CCC613590F78}"
EndProject
Project("{9A19103F-16F7-4668-BE54-9A1E7A4F7556}") = "OOP1", "OOP1\OOP1.csproj", "{A369F423-4FA4-489E-9E84-1DD7B980D7C3}"
EndProject
Project("{FAE04EC0-301F-11D3-BF4B-00C04F79EFBC}") = "Koleksiyonlar", "Koleksiyonlar\Koleksiyonlar.csproj", "{9367AF0A-1A71-44D0-ADA0-E6E249FED03F}"
EndProject
Project("{FAE04EC0-301F-11D3-BF4B-00C04F79EFBC}") = "GenericsIntro", "GenericsIntro\GenericsIntro.csproj", "{664F432A-2C63-4B9E-B244-4DE099E8571C}"
EndProject
Global
	GlobalSection(SolutionConfigurationPlatforms) = preSolution
		Debug|Any CPU = Debug|Any CPU
		Release|Any CPU = Release|Any CPU
	EndGlobalSection
	GlobalSection(ProjectConfigurationPlatforms) = postSolution
		{B95F04FA-348E-4195-A2BD-E458ACB0633F}.Debug|Any CPU.ActiveCfg = Debug|Any CPU
		{B95F04FA-348E-4195-A2BD-E458ACB0633F}.Debug|Any CPU.Build.0 = Debug|Any CPU
		{B95F04FA-348E-4195-A2BD-E458ACB0633F}.Release|Any CPU.ActiveCfg = Release|Any CPU
		{B95F04FA-348E-4195-A2BD-E458ACB0633F}.Release|Any CPU.Build.0 = Release|Any CPU
		{64A67F11-B710-4D48-AD33-C390E90CDCB0}.Debug|Any CPU.ActiveCfg = Debug|Any CPU
		{64A67F11-B710-4D48-AD33-C390E90CDCB0}.Debug|Any CPU.Build.0 = Debug|Any CPU
		{64A67F11-B710-4D48-AD33-C390E90CDCB0}.Release|Any CPU.ActiveCfg = Release|Any CPU
		{64A67F11-B710-4D48-AD33-C390E90CDCB0}.Release|Any CPU.Build.0 = Release|Any CPU
		{226D735B-621D-4706-8C1B-F49EA80AF985}.Debug|Any CPU.ActiveCfg = Debug|Any CPU
		{226D735B-621D-4706-8C1B-F49EA80AF985}.Debug|Any CPU.Build.0 = Debug|Any CPU
		{226D735B-621D-4706-8C1B-F49EA80AF985}.Release|Any CPU.ActiveCfg = Release|Any CPU
		{226D735B-621D-4706-8C1B-F49EA80AF985}.Release|Any CPU.Build.0 = Release|Any CPU
		{36103B49-24B4-4045-BB8A-1D28D0EA61F7}.Debug|Any CPU.ActiveCfg = Debug|Any CPU
		{36103B49-24B4-4045-BB8A-1D28D0EA61F7}.Debug|Any CPU.Build.0 = Debug|Any CPU
		{36103B49-24B4-4045-BB8A-1D28D0EA61F7}.Release|Any CPU.ActiveCfg = Release|Any CPU
		{36103B49-24B4-4045-BB8A-1D28D0EA61F7}.Release|Any CPU.Build.0 = Release|Any CPU
		{DC612395-C3B4-4D37-AD87-553995F3D8D2}.Debug|Any CPU.ActiveCfg = Debug|Any CPU
		{DC612395-C3B4-4D37-AD87-553995F3D8D2}.Debug|Any CPU.Build.0 = Debug|Any CPU
		{DC612395-C3B4-4D37-AD87-553995F3D8D2}.Release|Any CPU.ActiveCfg = Release|Any CPU
		{DC612395-C3B4-4D37-AD87-553995F3D8D2}.Release|Any CPU.Build.0 = Release|Any CPU
		{CF6220DB-DAB8-401B-82DF-CCC613590F78}.Debug|Any CPU.ActiveCfg = Debug|Any CPU
		{CF6220DB-DAB8-401B-82DF-CCC613590F78}.Debug|Any CPU.Build.0 = Debug|Any CPU
		{CF6220DB-DAB8-401B-82DF-CCC613590F78}.Release|Any CPU.ActiveCfg = Release|Any CPU
		{CF6220DB-DAB8-401B-82DF-CCC613590F78}.Release|Any CPU.Build.0 = Release|Any CPU
		{A369F423-4FA4-489E-9E84-1DD7B980D7C3}.Debug|Any CPU.ActiveCfg = Debug|Any CPU
		{A369F423-4FA4-489E-9E84-1DD7B980D7C3}.Debug|Any CPU.Build.0 = Debug|Any CPU
		{A369F423-4FA4-489E-9E84-1DD7B980D7C3}.Release|Any CPU.ActiveCfg = Release|Any CPU
		{A369F423-4FA4-489E-9E84-1DD7B980D7C3}.Release|Any CPU.Build.0 = Release|Any CPU
		{9367AF0A-1A71-44D0-ADA0-E6E249FED03F}.Debug|Any CPU.ActiveCfg = Debug|Any CPU
		{9367AF0A-1A71-44D0-ADA0-E6E249FED03F}.Debug|Any CPU.Build.0 = Debug|Any CPU
		{9367AF0A-1A71-44D0-ADA0-E6E249FED03F}.Release|Any CPU.ActiveCfg = Release|Any CPU
		{9367AF0A-1A71-44D0-ADA0-E6E249FED03F}.Release|Any CPU.Build.0 = Release|Any CPU
		{664F432A-2C63-4B9E-B244-4DE099E8571C}.Debug|Any CPU.ActiveCfg = Debug|Any CPU
		{664F432A-2C63-4B9E-B244-4DE099E8571C}.Debug|Any CPU.Build.0 = Debug|Any CPU
		{664F432A-2C63-4B9E-B244-4DE099E8571C}.Release|Any CPU.ActiveCfg = Release|Any CPU
		{664F432A-2C63-4B9E-B244-4DE099E8571C}.Release|Any CPU.Build.0 = Release|Any CPU
	EndGlobalSection
	GlobalSection(SolutionProperties) = preSolution
		HideSolutionNode = FALSE
	EndGlobalSection
	GlobalSection(ExtensibilityGlobals) = postSolution
		SolutionGuid = {5071E871-DF5C-4097-A8FF-9B3EF7159C47}
	EndGlobalSection
EndGlobal
